PODS:
  - ZIPFoundation (0.9.9)

DEPENDENCIES:
  - ZIPFoundation (~> 0.9)

SPEC REPOS:
  https://github.com/cocoapods/specs.git:
    - ZIPFoundation

SPEC CHECKSUMS:
  ZIPFoundation: 89df685c971926b0323087952320bdfee9f0b6ef

PODFILE CHECKSUM: 71edcc9e68e98b7b16b85a2cd56a82ec93061c8d

COCOAPODS: 1.6.1
